// !$*UTF8*$!
{
	archiveVersion = 1;
	classes = {
	};
	objectVersion = 47;
	objects = {

/* Begin PBXBuildFile section */
		02322DFA1B0EBCC70093D9B6 /* libcassandra.dylib in Frameworks */ = {isa = PBXBuildFile; fileRef = 02322DF91B0EBCC70093D9B6 /* libcassandra.dylib */; };
		025145C41B0904CA00906937 /* main.cpp in Sources */ = {isa = PBXBuildFile; fileRef = 025145C31B0904CA00906937 /* main.cpp */; };
		025145CB1B0906E500906937 /* GDAL in Frameworks */ = {isa = PBXBuildFile; fileRef = 025145CA1B0906E500906937 /* GDAL */; };
		025145CC1B09090D00906937 /* patch_to_map in CopyFiles */ = {isa = PBXBuildFile; fileRef = 025145C01B0904CA00906937 /* patch_to_map */; };
/* End PBXBuildFile section */

/* Begin PBXCopyFilesBuildPhase section */
		025145BE1B0904CA00906937 /* CopyFiles */ = {
			isa = PBXCopyFilesBuildPhase;
			buildActionMask = 8;
			dstPath = "";
			dstSubfolderSpec = 16;
			files = (
				025145CC1B09090D00906937 /* patch_to_map in CopyFiles */,
			);
			runOnlyForDeploymentPostprocessing = 1;
		};
/* End PBXCopyFilesBuildPhase section */

/* Begin PBXFileReference section */
		02322DF91B0EBCC70093D9B6 /* libcassandra.dylib */ = {isa = PBXFileReference; lastKnownFileType = "compiled.mach-o.dylib"; name = libcassandra.dylib; path = ../../../../usr/local/lib/libcassandra.dylib; sourceTree = "<group>"; };
		025145C01B0904CA00906937 /* patch_to_map */ = {isa = PBXFileReference; explicitFileType = "compiled.mach-o.executable"; includeInIndex = 0; path = patch_to_map; sourceTree = BUILT_PRODUCTS_DIR; };
		025145C31B0904CA00906937 /* main.cpp */ = {isa = PBXFileReference; lastKnownFileType = sourcecode.cpp.cpp; path = main.cpp; sourceTree = "<group>"; };
		025145CA1B0906E500906937 /* GDAL */ = {isa = PBXFileReference; lastKnownFileType = "compiled.mach-o.dylib"; name = GDAL; path = ../../../../Library/Frameworks/GDAL.framework/Versions/1.11/GDAL; sourceTree = "<group>"; };
/* End PBXFileReference section */

/* Begin PBXFrameworksBuildPhase section */
		025145BD1B0904CA00906937 /* Frameworks */ = {
			isa = PBXFrameworksBuildPhase;
			buildActionMask = 2147483647;
			files = (
				02322DFA1B0EBCC70093D9B6 /* libcassandra.dylib in Frameworks */,
				025145CB1B0906E500906937 /* GDAL in Frameworks */,
			);
			runOnlyForDeploymentPostprocessing = 0;
		};
/* End PBXFrameworksBuildPhase section */

/* Begin PBXGroup section */
		025145B71B0904CA00906937 = {
			isa = PBXGroup;
			children = (
				02322DF91B0EBCC70093D9B6 /* libcassandra.dylib */,
				025145CA1B0906E500906937 /* GDAL */,
				025145C21B0904CA00906937 /* patch_to_map */,
				025145C11B0904CA00906937 /* Products */,
			);
			sourceTree = "<group>";
		};
		025145C11B0904CA00906937 /* Products */ = {
			isa = PBXGroup;
			children = (
				025145C01B0904CA00906937 /* patch_to_map */,
			);
			name = Products;
			sourceTree = "<group>";
		};
		025145C21B0904CA00906937 /* patch_to_map */ = {
			isa = PBXGroup;
			children = (
				025145C31B0904CA00906937 /* main.cpp */,
			);
			path = patch_to_map;
			sourceTree = "<group>";
		};
/* End PBXGroup section */

/* Begin PBXNativeTarget section */
		025145BF1B0904CA00906937 /* patch_to_map */ = {
			isa = PBXNativeTarget;
			buildConfigurationList = 025145C71B0904CA00906937 /* Build configuration list for PBXNativeTarget "patch_to_map" */;
			buildPhases = (
				025145BC1B0904CA00906937 /* Sources */,
				025145BD1B0904CA00906937 /* Frameworks */,
				025145BE1B0904CA00906937 /* CopyFiles */,
			);
			buildRules = (
			);
			dependencies = (
			);
			name = patch_to_map;
			productName = patch_to_map;
			productReference = 025145C01B0904CA00906937 /* patch_to_map */;
			productType = "com.apple.product-type.tool";
		};
/* End PBXNativeTarget section */

/* Begin PBXProject section */
		025145B81B0904CA00906937 /* Project object */ = {
			isa = PBXProject;
			attributes = {
				LastUpgradeCheck = 0630;
				ORGANIZATIONNAME = selimnairb;
				TargetAttributes = {
					025145BF1B0904CA00906937 = {
						CreatedOnToolsVersion = 6.3.1;
					};
				};
			};
			buildConfigurationList = 025145BB1B0904CA00906937 /* Build configuration list for PBXProject "patch_to_map" */;
			compatibilityVersion = "Xcode 6.3";
			developmentRegion = English;
			hasScannedForEncodings = 0;
			knownRegions = (
				en,
			);
			mainGroup = 025145B71B0904CA00906937;
			productRefGroup = 025145C11B0904CA00906937 /* Products */;
			projectDirPath = "";
			projectRoot = "";
			targets = (
				025145BF1B0904CA00906937 /* patch_to_map */,
			);
		};
/* End PBXProject section */

/* Begin PBXSourcesBuildPhase section */
		025145BC1B0904CA00906937 /* Sources */ = {
			isa = PBXSourcesBuildPhase;
			buildActionMask = 2147483647;
			files = (
				025145C41B0904CA00906937 /* main.cpp in Sources */,
			);
			runOnlyForDeploymentPostprocessing = 0;
		};
/* End PBXSourcesBuildPhase section */

/* Begin XCBuildConfiguration section */
		025145C51B0904CA00906937 /* Debug */ = {
			isa = XCBuildConfiguration;
			buildSettings = {
				ALWAYS_SEARCH_USER_PATHS = NO;
				CLANG_CXX_LANGUAGE_STANDARD = "gnu++0x";
				CLANG_CXX_LIBRARY = "libc++";
				CLANG_ENABLE_MODULES = YES;
				CLANG_ENABLE_OBJC_ARC = YES;
				CLANG_WARN_BOOL_CONVERSION = YES;
				CLANG_WARN_CONSTANT_CONVERSION = YES;
				CLANG_WARN_DIRECT_OBJC_ISA_USAGE = YES_ERROR;
				CLANG_WARN_EMPTY_BODY = YES;
				CLANG_WARN_ENUM_CONVERSION = YES;
				CLANG_WARN_INT_CONVERSION = YES;
				CLANG_WARN_OBJC_ROOT_CLASS = YES_ERROR;
				CLANG_WARN_UNREACHABLE_CODE = YES;
				CLANG_WARN__DUPLICATE_METHOD_MATCH = YES;
				COPY_PHASE_STRIP = NO;
				DEBUG_INFORMATION_FORMAT = dwarf;
				ENABLE_STRICT_OBJC_MSGSEND = YES;
				GCC_C_LANGUAGE_STANDARD = gnu99;
				GCC_DYNAMIC_NO_PIC = NO;
				GCC_NO_COMMON_BLOCKS = YES;
				GCC_OPTIMIZATION_LEVEL = 0;
				GCC_PREPROCESSOR_DEFINITIONS = (
					"DEBUG=1",
					"$(inherited)",
				);
				GCC_SYMBOLS_PRIVATE_EXTERN = NO;
				GCC_WARN_64_TO_32_BIT_CONVERSION = YES;
				GCC_WARN_ABOUT_RETURN_TYPE = YES_ERROR;
				GCC_WARN_UNDECLARED_SELECTOR = YES;
				GCC_WARN_UNINITIALIZED_AUTOS = YES_AGGRESSIVE;
				GCC_WARN_UNUSED_FUNCTION = YES;
				GCC_WARN_UNUSED_VARIABLE = YES;
				MACOSX_DEPLOYMENT_TARGET = 10.10;
				MTL_ENABLE_DEBUG_INFO = YES;
				ONLY_ACTIVE_ARCH = YES;
				SDKROOT = macosx;
			};
			name = Debug;
		};
		025145C61B0904CA00906937 /* Release */ = {
			isa = XCBuildConfiguration;
			buildSettings = {
				ALWAYS_SEARCH_USER_PATHS = NO;
				CLANG_CXX_LANGUAGE_STANDARD = "gnu++0x";
				CLANG_CXX_LIBRARY = "libc++";
				CLANG_ENABLE_MODULES = YES;
				CLANG_ENABLE_OBJC_ARC = YES;
				CLANG_WARN_BOOL_CONVERSION = YES;
				CLANG_WARN_CONSTANT_CONVERSION = YES;
				CLANG_WARN_DIRECT_OBJC_ISA_USAGE = YES_ERROR;
				CLANG_WARN_EMPTY_BODY = YES;
				CLANG_WARN_ENUM_CONVERSION = YES;
				CLANG_WARN_INT_CONVERSION = YES;
				CLANG_WARN_OBJC_ROOT_CLASS = YES_ERROR;
				CLANG_WARN_UNREACHABLE_CODE = YES;
				CLANG_WARN__DUPLICATE_METHOD_MATCH = YES;
				COPY_PHASE_STRIP = NO;
				DEBUG_INFORMATION_FORMAT = "dwarf-with-dsym";
				ENABLE_NS_ASSERTIONS = NO;
				ENABLE_STRICT_OBJC_MSGSEND = YES;
				GCC_C_LANGUAGE_STANDARD = gnu99;
				GCC_NO_COMMON_BLOCKS = YES;
				GCC_WARN_64_TO_32_BIT_CONVERSION = YES;
				GCC_WARN_ABOUT_RETURN_TYPE = YES_ERROR;
				GCC_WARN_UNDECLARED_SELECTOR = YES;
				GCC_WARN_UNINITIALIZED_AUTOS = YES_AGGRESSIVE;
				GCC_WARN_UNUSED_FUNCTION = YES;
				GCC_WARN_UNUSED_VARIABLE = YES;
				MACOSX_DEPLOYMENT_TARGET = 10.10;
				MTL_ENABLE_DEBUG_INFO = NO;
				SDKROOT = macosx;
			};
			name = Release;
		};
		025145C81B0904CA00906937 /* Debug */ = {
			isa = XCBuildConfiguration;
			buildSettings = {
				LIBRARY_SEARCH_PATHS = (
					"$(inherited)",
					"$(LOCAL_LIBRARY_DIR)/Frameworks/GDAL.framework/Versions/1.11",
					/usr/local/lib,
				);
				"LIBRARY_SEARCH_PATHS[arch=*]" = (
					"$(inherited)",
					"$(LOCAL_LIBRARY_DIR)/Frameworks/GDAL.framework/Versions/1.11",
				);
				PRODUCT_NAME = "$(TARGET_NAME)";
				"USER_HEADER_SEARCH_PATHS[arch=*]" = "/Library/Frameworks/GDAL.framework/Versions/1.11/Headers /usr/local/include";
			};
			name = Debug;
		};
		025145C91B0904CA00906937 /* Release */ = {
			isa = XCBuildConfiguration;
			buildSettings = {
				LIBRARY_SEARCH_PATHS = (
					"$(inherited)",
					"$(LOCAL_LIBRARY_DIR)/Frameworks/GDAL.framework/Versions/1.11",
					/usr/local/lib,
				);
				"LIBRARY_SEARCH_PATHS[arch=*]" = (
					"$(inherited)",
					"$(LOCAL_LIBRARY_DIR)/Frameworks/GDAL.framework/Versions/1.11",
				);
				PRODUCT_NAME = "$(TARGET_NAME)";
				"USER_HEADER_SEARCH_PATHS[arch=*]" = "/Library/Frameworks/GDAL.framework/Versions/1.11/Headers /usr/local/include";
			};
			name = Release;
		};
/* End XCBuildConfiguration section */

/* Begin XCConfigurationList section */
		025145BB1B0904CA00906937 /* Build configuration list for PBXProject "patch_to_map" */ = {
			isa = XCConfigurationList;
			buildConfigurations = (
				025145C51B0904CA00906937 /* Debug */,
				025145C61B0904CA00906937 /* Release */,
			);
			defaultConfigurationIsVisible = 0;
			defaultConfigurationName = Release;
		};
		025145C71B0904CA00906937 /* Build configuration list for PBXNativeTarget "patch_to_map" */ = {
			isa = XCConfigurationList;
			buildConfigurations = (
				025145C81B0904CA00906937 /* Debug */,
				025145C91B0904CA00906937 /* Release */,
			);
			defaultConfigurationIsVisible = 0;
			defaultConfigurationName = Release;
		};
/* End XCConfigurationList section */
	};
	rootObject = 025145B81B0904CA00906937 /* Project object */;
}
